
Microsoft Visual Studio Solution File, Format Version 12.00
# Visual Studio Version 17
VisualStudioVersion = 17.2.32526.322
MinimumVisualStudioVersion = 10.0.40219.1
Project("{9A19103F-16F7-4668-BE54-9A1E7A4F7556}") = "OnlineExamSystem.DataAccess", "OnlineExamSystem.DataAccess\OnlineExamSystem.DataAccess.csproj", "{73D244FE-1B20-482F-B166-FAC5B5AA28A1}"
EndProject
Project("{9A19103F-16F7-4668-BE54-9A1E7A4F7556}") = "OnlineExamSystem.ViewModels", "OnlineExmSystem.ViewModels\OnlineExamSystem.ViewModels.csproj", "{A6AD514C-FDF3-4EB9-880F-E9E7A73613F3}"
EndProject
Project("{FAE04EC0-301F-11D3-BF4B-00C04F79EFBC}") = "OnlineExamSystem.BLL", "OnlineExamSystem.BLL\OnlineExamSystem.BLL.csproj", "{36D7C88E-0D44-4CF8-B23E-6496B0CCB010}"
EndProject
Global
	GlobalSection(SolutionConfigurationPlatforms) = preSolution
		Debug|Any CPU = Debug|Any CPU
		Release|Any CPU = Release|Any CPU
	EndGlobalSection
	GlobalSection(ProjectConfigurationPlatforms) = postSolution
		{73D244FE-1B20-482F-B166-FAC5B5AA28A1}.Debug|Any CPU.ActiveCfg = Debug|Any CPU
		{73D244FE-1B20-482F-B166-FAC5B5AA28A1}.Debug|Any CPU.Build.0 = Debug|Any CPU
		{73D244FE-1B20-482F-B166-FAC5B5AA28A1}.Release|Any CPU.ActiveCfg = Release|Any CPU
		{73D244FE-1B20-482F-B166-FAC5B5AA28A1}.Release|Any CPU.Build.0 = Release|Any CPU
		{A6AD514C-FDF3-4EB9-880F-E9E7A73613F3}.Debug|Any CPU.ActiveCfg = Debug|Any CPU
		{A6AD514C-FDF3-4EB9-880F-E9E7A73613F3}.Debug|Any CPU.Build.0 = Debug|Any CPU
		{A6AD514C-FDF3-4EB9-880F-E9E7A73613F3}.Release|Any CPU.ActiveCfg = Release|Any CPU
		{A6AD514C-FDF3-4EB9-880F-E9E7A73613F3}.Release|Any CPU.Build.0 = Release|Any CPU
		{36D7C88E-0D44-4CF8-B23E-6496B0CCB010}.Debug|Any CPU.ActiveCfg = Debug|Any CPU
		{36D7C88E-0D44-4CF8-B23E-6496B0CCB010}.Debug|Any CPU.Build.0 = Debug|Any CPU
		{36D7C88E-0D44-4CF8-B23E-6496B0CCB010}.Release|Any CPU.ActiveCfg = Release|Any CPU
		{36D7C88E-0D44-4CF8-B23E-6496B0CCB010}.Release|Any CPU.Build.0 = Release|Any CPU
	EndGlobalSection
	GlobalSection(SolutionProperties) = preSolution
		HideSolutionNode = FALSE
	EndGlobalSection
	GlobalSection(ExtensibilityGlobals) = postSolution
		SolutionGuid = {D8594E77-4D28-4A28-8807-286875A2455A}
	EndGlobalSection
EndGlobal
